
Microsoft Visual Studio Solution File, Format Version 12.00
# Visual Studio Version 17
VisualStudioVersion = 17.13.35828.75 d17.13
MinimumVisualStudioVersion = 10.0.40219.1
Project("{FAE04EC0-301F-11D3-BF4B-00C04F79EFBC}") = "mozirendszer", "mozirendszer.csproj", "{84D4145B-CD95-E10D-C9A6-C89C0DE6D79F}"
EndProject
Global
	GlobalSection(SolutionConfigurationPlatforms) = preSolution
		Debug|Any CPU = Debug|Any CPU
		Release|Any CPU = Release|Any CPU
	EndGlobalSection
	GlobalSection(ProjectConfigurationPlatforms) = postSolution
		{84D4145B-CD95-E10D-C9A6-C89C0DE6D79F}.Debug|Any CPU.ActiveCfg = Debug|Any CPU
		{84D4145B-CD95-E10D-C9A6-C89C0DE6D79F}.Debug|Any CPU.Build.0 = Debug|Any CPU
		{84D4145B-CD95-E10D-C9A6-C89C0DE6D79F}.Release|Any CPU.ActiveCfg = Release|Any CPU
		{84D4145B-CD95-E10D-C9A6-C89C0DE6D79F}.Release|Any CPU.Build.0 = Release|Any CPU
	EndGlobalSection
	GlobalSection(SolutionProperties) = preSolution
		HideSolutionNode = FALSE
	EndGlobalSection
	GlobalSection(ExtensibilityGlobals) = postSolution
		SolutionGuid = {F7C91AEB-CF3B-481D-9C9F-CA68580598B1}
	EndGlobalSection
EndGlobal
